// !$*UTF8*$!
{
	archiveVersion = 1;
	classes = {
	};
	objectVersion = 46;
	objects = {

/* Begin PBXBuildFile section */
		7A0C6E31871926B28E3954C8 /* libPods.a in Frameworks */ = {isa = PBXBuildFile; fileRef = 431D31B697FB769741A64B18 /* libPods.a */; };
		B23801641C8029AF000A60A5 /* TSInputPluginCell.m in Sources */ = {isa = PBXBuildFile; fileRef = B23801631C8029AF000A60A5 /* TSInputPluginCell.m */; };
		B23801A61C80393C000A60A5 /* TSInputPluginModel.m in Sources */ = {isa = PBXBuildFile; fileRef = B23801A51C80393C000A60A5 /* TSInputPluginModel.m */; };
		B23801A91C803B1D000A60A5 /* TSTools.m in Sources */ = {isa = PBXBuildFile; fileRef = B23801A81C803B1D000A60A5 /* TSTools.m */; };
		B24FAEA21C76BF2C00B8F523 /* TSContentView.m in Sources */ = {isa = PBXBuildFile; fileRef = B24FAEA11C76BF2C00B8F523 /* TSContentView.m */; };
		B24FAEA71C76EDD100B8F523 /* UIColor+DarkerLighter.m in Sources */ = {isa = PBXBuildFile; fileRef = B24FAEA61C76EDD100B8F523 /* UIColor+DarkerLighter.m */; };
		B24FAEAB1C76F0F400B8F523 /* TalkSendCell.m in Sources */ = {isa = PBXBuildFile; fileRef = B24FAEAA1C76F0F400B8F523 /* TalkSendCell.m */; };
		B24FAEAE1C76F1CE00B8F523 /* TalkReceivedCell.m in Sources */ = {isa = PBXBuildFile; fileRef = B24FAEAD1C76F1CE00B8F523 /* TalkReceivedCell.m */; };
		B24FAEB01C773CBC00B8F523 /* Emoji.plist in Resources */ = {isa = PBXBuildFile; fileRef = B24FAEAF1C773CBC00B8F523 /* Emoji.plist */; };
		B24FAEB41C77474D00B8F523 /* TSMultiInputView.m in Sources */ = {isa = PBXBuildFile; fileRef = B24FAEB31C77474D00B8F523 /* TSMultiInputView.m */; };
		B267A3621C853E4F0027A99A /* iconfont.ttf in Resources */ = {isa = PBXBuildFile; fileRef = B267A3611C853E450027A99A /* iconfont.ttf */; };
		B2A167741C75754B00B899B8 /* UIImage+TPMessgeBubble.m in Sources */ = {isa = PBXBuildFile; fileRef = B2A167731C75754B00B899B8 /* UIImage+TPMessgeBubble.m */; };
		B2A167781C75C19700B899B8 /* NSDate+MessgeCellDescription.m in Sources */ = {isa = PBXBuildFile; fileRef = B2A167771C75C19700B899B8 /* NSDate+MessgeCellDescription.m */; };
		B2BFB5C91C72BF54000B6C82 /* main.m in Sources */ = {isa = PBXBuildFile; fileRef = B2BFB5C81C72BF54000B6C82 /* main.m */; };
		B2BFB5CC1C72BF54000B6C82 /* AppDelegate.m in Sources */ = {isa = PBXBuildFile; fileRef = B2BFB5CB1C72BF54000B6C82 /* AppDelegate.m */; };
		B2BFB5CF1C72BF54000B6C82 /* ViewController.m in Sources */ = {isa = PBXBuildFile; fileRef = B2BFB5CE1C72BF54000B6C82 /* ViewController.m */; };
		B2BFB5D21C72BF54000B6C82 /* Main.storyboard in Resources */ = {isa = PBXBuildFile; fileRef = B2BFB5D01C72BF54000B6C82 /* Main.storyboard */; };
		B2BFB5D41C72BF54000B6C82 /* Assets.xcassets in Resources */ = {isa = PBXBuildFile; fileRef = B2BFB5D31C72BF54000B6C82 /* Assets.xcassets */; };
		B2BFB5D71C72BF54000B6C82 /* LaunchScreen.storyboard in Resources */ = {isa = PBXBuildFile; fileRef = B2BFB5D51C72BF54000B6C82 /* LaunchScreen.storyboard */; };
		B2BFB5E21C72BF54000B6C82 /* TalkShowTests.m in Sources */ = {isa = PBXBuildFile; fileRef = B2BFB5E11C72BF54000B6C82 /* TalkShowTests.m */; };
		B2BFB5ED1C72BF54000B6C82 /* TalkShowUITests.m in Sources */ = {isa = PBXBuildFile; fileRef = B2BFB5EC1C72BF54000B6C82 /* TalkShowUITests.m */; };
		B2BFB5FC1C72D4E6000B6C82 /* TalkCell.m in Sources */ = {isa = PBXBuildFile; fileRef = B2BFB5FB1C72D4E6000B6C82 /* TalkCell.m */; };
		B2EFB9F81C8574260022CA81 /* TSImagePicker.m in Sources */ = {isa = PBXBuildFile; fileRef = B2EFB9F71C8574260022CA81 /* TSImagePicker.m */; };
		B2FFB9561C73046800F67FF7 /* NSString+Size.m in Sources */ = {isa = PBXBuildFile; fileRef = B2FFB9551C73046800F67FF7 /* NSString+Size.m */; };
		B2FFB95C1C744EDD00F67FF7 /* TSTextView.m in Sources */ = {isa = PBXBuildFile; fileRef = B2FFB95B1C744EDD00F67FF7 /* TSTextView.m */; };
		B2FFB95E1C74547900F67FF7 /* AVFoundation.framework in Frameworks */ = {isa = PBXBuildFile; fileRef = B2FFB95D1C74547900F67FF7 /* AVFoundation.framework */; };
		B2FFB9611C745F0B00F67FF7 /* TSSave.m in Sources */ = {isa = PBXBuildFile; fileRef = B2FFB9601C745F0B00F67FF7 /* TSSave.m */; };
		B2FFB9671C74990100F67FF7 /* TSDateTimeCell.m in Sources */ = {isa = PBXBuildFile; fileRef = B2FFB9661C74990100F67FF7 /* TSDateTimeCell.m */; };
		B2FFB96A1C74A75600F67FF7 /* ViewUtils.m in Sources */ = {isa = PBXBuildFile; fileRef = B2FFB9691C74A75600F67FF7 /* ViewUtils.m */; };
		B2FFB96E1C756E8D00F67FF7 /* TPMessageBubble.m in Sources */ = {isa = PBXBuildFile; fileRef = B2FFB96D1C756E8D00F67FF7 /* TPMessageBubble.m */; };
/* End PBXBuildFile section */

/* Begin PBXContainerItemProxy section */
		B2BFB5DE1C72BF54000B6C82 /* PBXContainerItemProxy */ = {
			isa = PBXContainerItemProxy;
			containerPortal = B2BFB5BC1C72BF54000B6C82 /* Project object */;
			proxyType = 1;
			remoteGlobalIDString = B2BFB5C31C72BF54000B6C82;
			remoteInfo = TalkShow;
		};
		B2BFB5E91C72BF54000B6C82 /* PBXContainerItemProxy */ = {
			isa = PBXContainerItemProxy;
			containerPortal = B2BFB5BC1C72BF54000B6C82 /* Project object */;
			proxyType = 1;
			remoteGlobalIDString = B2BFB5C31C72BF54000B6C82;
			remoteInfo = TalkShow;
		};
/* End PBXContainerItemProxy section */

/* Begin PBXFileReference section */
		431D31B697FB769741A64B18 /* libPods.a */ = {isa = PBXFileReference; explicitFileType = archive.ar; includeInIndex = 0; path = libPods.a; sourceTree = BUILT_PRODUCTS_DIR; };
		4406F112A78AE6E18E168758 /* Pods.release.xcconfig */ = {isa = PBXFileReference; includeInIndex = 1; lastKnownFileType = text.xcconfig; name = Pods.release.xcconfig; path = "Pods/Target Support Files/Pods/Pods.release.xcconfig"; sourceTree = "<group>"; };
		6712E006F0827B861F64486A /* Pods.debug.xcconfig */ = {isa = PBXFileReference; includeInIndex = 1; lastKnownFileType = text.xcconfig; name = Pods.debug.xcconfig; path = "Pods/Target Support Files/Pods/Pods.debug.xcconfig"; sourceTree = "<group>"; };
		B23801621C8029AF000A60A5 /* TSInputPluginCell.h */ = {isa = PBXFileReference; fileEncoding = 4; lastKnownFileType = sourcecode.c.h; path = TSInputPluginCell.h; sourceTree = "<group>"; };
		B23801631C8029AF000A60A5 /* TSInputPluginCell.m */ = {isa = PBXFileReference; fileEncoding = 4; lastKnownFileType = sourcecode.c.objc; path = TSInputPluginCell.m; sourceTree = "<group>"; };
		B23801A41C80393C000A60A5 /* TSInputPluginModel.h */ = {isa = PBXFileReference; fileEncoding = 4; lastKnownFileType = sourcecode.c.h; path = TSInputPluginModel.h; sourceTree = "<group>"; };
		B23801A51C80393C000A60A5 /* TSInputPluginModel.m */ = {isa = PBXFileReference; fileEncoding = 4; lastKnownFileType = sourcecode.c.objc; path = TSInputPluginModel.m; sourceTree = "<group>"; };
		B23801A71C803B1D000A60A5 /* TSTools.h */ = {isa = PBXFileReference; fileEncoding = 4; lastKnownFileType = sourcecode.c.h; path = TSTools.h; sourceTree = "<group>"; };
		B23801A81C803B1D000A60A5 /* TSTools.m */ = {isa = PBXFileReference; fileEncoding = 4; lastKnownFileType = sourcecode.c.objc; path = TSTools.m; sourceTree = "<group>"; };
		B24FAEA01C76BF2C00B8F523 /* TSContentView.h */ = {isa = PBXFileReference; fileEncoding = 4; lastKnownFileType = sourcecode.c.h; path = TSContentView.h; sourceTree = "<group>"; };
		B24FAEA11C76BF2C00B8F523 /* TSContentView.m */ = {isa = PBXFileReference; fileEncoding = 4; lastKnownFileType = sourcecode.c.objc; path = TSContentView.m; sourceTree = "<group>"; };
		B24FAEA51C76EDD100B8F523 /* UIColor+DarkerLighter.h */ = {isa = PBXFileReference; fileEncoding = 4; lastKnownFileType = sourcecode.c.h; name = "UIColor+DarkerLighter.h"; path = "TPMessageBubble/UIColor+DarkerLighter.h"; sourceTree = "<group>"; };
		B24FAEA61C76EDD100B8F523 /* UIColor+DarkerLighter.m */ = {isa = PBXFileReference; fileEncoding = 4; lastKnownFileType = sourcecode.c.objc; name = "UIColor+DarkerLighter.m"; path = "TPMessageBubble/UIColor+DarkerLighter.m"; sourceTree = "<group>"; };
		B24FAEA91C76F0F400B8F523 /* TalkSendCell.h */ = {isa = PBXFileReference; fileEncoding = 4; lastKnownFileType = sourcecode.c.h; name = TalkSendCell.h; path = TalkCells/TalkSendCell.h; sourceTree = "<group>"; };
		B24FAEAA1C76F0F400B8F523 /* TalkSendCell.m */ = {isa = PBXFileReference; fileEncoding = 4; lastKnownFileType = sourcecode.c.objc; name = TalkSendCell.m; path = TalkCells/TalkSendCell.m; sourceTree = "<group>"; };
		B24FAEAC1C76F1CE00B8F523 /* TalkReceivedCell.h */ = {isa = PBXFileReference; fileEncoding = 4; lastKnownFileType = sourcecode.c.h; name = TalkReceivedCell.h; path = TalkCells/TalkReceivedCell.h; sourceTree = "<group>"; };
		B24FAEAD1C76F1CE00B8F523 /* TalkReceivedCell.m */ = {isa = PBXFileReference; fileEncoding = 4; lastKnownFileType = sourcecode.c.objc; name = TalkReceivedCell.m; path = TalkCells/TalkReceivedCell.m; sourceTree = "<group>"; };
		B24FAEAF1C773CBC00B8F523 /* Emoji.plist */ = {isa = PBXFileReference; fileEncoding = 4; lastKnownFileType = text.plist.xml; name = Emoji.plist; path = ../Emoji.plist; sourceTree = "<group>"; };
		B24FAEB21C77474D00B8F523 /* TSMultiInputView.h */ = {isa = PBXFileReference; fileEncoding = 4; lastKnownFileType = sourcecode.c.h; name = TSMultiInputView.h; path = InputView/TSMultiInputView.h; sourceTree = "<group>"; };
		B24FAEB31C77474D00B8F523 /* TSMultiInputView.m */ = {isa = PBXFileReference; fileEncoding = 4; lastKnownFileType = sourcecode.c.objc; name = TSMultiInputView.m; path = InputView/TSMultiInputView.m; sourceTree = "<group>"; };
		B267A3611C853E450027A99A /* iconfont.ttf */ = {isa = PBXFileReference; lastKnownFileType = file; path = iconfont.ttf; sourceTree = "<group>"; };
		B2A167721C75754B00B899B8 /* UIImage+TPMessgeBubble.h */ = {isa = PBXFileReference; fileEncoding = 4; lastKnownFileType = sourcecode.c.h; name = "UIImage+TPMessgeBubble.h"; path = "TPMessageBubble/UIImage+TPMessgeBubble.h"; sourceTree = "<group>"; };
		B2A167731C75754B00B899B8 /* UIImage+TPMessgeBubble.m */ = {isa = PBXFileReference; fileEncoding = 4; lastKnownFileType = sourcecode.c.objc; name = "UIImage+TPMessgeBubble.m"; path = "TPMessageBubble/UIImage+TPMessgeBubble.m"; sourceTree = "<group>"; };
		B2A167751C75B9F200B899B8 /* TSHeaders.h */ = {isa = PBXFileReference; lastKnownFileType = sourcecode.c.h; path = TSHeaders.h; sourceTree = "<group>"; };
		B2A167761C75C19700B899B8 /* NSDate+MessgeCellDescription.h */ = {isa = PBXFileReference; fileEncoding = 4; lastKnownFileType = sourcecode.c.h; name = "NSDate+MessgeCellDescription.h"; path = "Category/NSDate+MessgeCellDescription.h"; sourceTree = "<group>"; };
		B2A167771C75C19700B899B8 /* NSDate+MessgeCellDescription.m */ = {isa = PBXFileReference; fileEncoding = 4; lastKnownFileType = sourcecode.c.objc; name = "NSDate+MessgeCellDescription.m"; path = "Category/NSDate+MessgeCellDescription.m"; sourceTree = "<group>"; };
		B2BFB5C41C72BF54000B6C82 /* TalkShow.app */ = {isa = PBXFileReference; explicitFileType = wrapper.application; includeInIndex = 0; path = TalkShow.app; sourceTree = BUILT_PRODUCTS_DIR; };
		B2BFB5C81C72BF54000B6C82 /* main.m */ = {isa = PBXFileReference; lastKnownFileType = sourcecode.c.objc; path = main.m; sourceTree = "<group>"; };
		B2BFB5CA1C72BF54000B6C82 /* AppDelegate.h */ = {isa = PBXFileReference; lastKnownFileType = sourcecode.c.h; path = AppDelegate.h; sourceTree = "<group>"; };
		B2BFB5CB1C72BF54000B6C82 /* AppDelegate.m */ = {isa = PBXFileReference; lastKnownFileType = sourcecode.c.objc; path = AppDelegate.m; sourceTree = "<group>"; };
		B2BFB5CD1C72BF54000B6C82 /* ViewController.h */ = {isa = PBXFileReference; lastKnownFileType = sourcecode.c.h; path = ViewController.h; sourceTree = "<group>"; };
		B2BFB5CE1C72BF54000B6C82 /* ViewController.m */ = {isa = PBXFileReference; lastKnownFileType = sourcecode.c.objc; path = ViewController.m; sourceTree = "<group>"; };
		B2BFB5D11C72BF54000B6C82 /* Base */ = {isa = PBXFileReference; lastKnownFileType = file.storyboard; name = Base; path = Base.lproj/Main.storyboard; sourceTree = "<group>"; };
		B2BFB5D31C72BF54000B6C82 /* Assets.xcassets */ = {isa = PBXFileReference; lastKnownFileType = folder.assetcatalog; path = Assets.xcassets; sourceTree = "<group>"; };
		B2BFB5D61C72BF54000B6C82 /* Base */ = {isa = PBXFileReference; lastKnownFileType = file.storyboard; name = Base; path = Base.lproj/LaunchScreen.storyboard; sourceTree = "<group>"; };
		B2BFB5D81C72BF54000B6C82 /* Info.plist */ = {isa = PBXFileReference; lastKnownFileType = text.plist.xml; path = Info.plist; sourceTree = "<group>"; };
		B2BFB5DD1C72BF54000B6C82 /* TalkShowTests.xctest */ = {isa = PBXFileReference; explicitFileType = wrapper.cfbundle; includeInIndex = 0; path = TalkShowTests.xctest; sourceTree = BUILT_PRODUCTS_DIR; };
		B2BFB5E11C72BF54000B6C82 /* TalkShowTests.m */ = {isa = PBXFileReference; lastKnownFileType = sourcecode.c.objc; path = TalkShowTests.m; sourceTree = "<group>"; };
		B2BFB5E31C72BF54000B6C82 /* Info.plist */ = {isa = PBXFileReference; lastKnownFileType = text.plist.xml; path = Info.plist; sourceTree = "<group>"; };
		B2BFB5E81C72BF54000B6C82 /* TalkShowUITests.xctest */ = {isa = PBXFileReference; explicitFileType = wrapper.cfbundle; includeInIndex = 0; path = TalkShowUITests.xctest; sourceTree = BUILT_PRODUCTS_DIR; };
		B2BFB5EC1C72BF54000B6C82 /* TalkShowUITests.m */ = {isa = PBXFileReference; lastKnownFileType = sourcecode.c.objc; path = TalkShowUITests.m; sourceTree = "<group>"; };
		B2BFB5EE1C72BF54000B6C82 /* Info.plist */ = {isa = PBXFileReference; lastKnownFileType = text.plist.xml; path = Info.plist; sourceTree = "<group>"; };
		B2BFB5FA1C72D4E6000B6C82 /* TalkCell.h */ = {isa = PBXFileReference; fileEncoding = 4; lastKnownFileType = sourcecode.c.h; path = TalkCell.h; sourceTree = "<group>"; };
		B2BFB5FB1C72D4E6000B6C82 /* TalkCell.m */ = {isa = PBXFileReference; fileEncoding = 4; lastKnownFileType = sourcecode.c.objc; path = TalkCell.m; sourceTree = "<group>"; };
		B2EFB9F61C8574260022CA81 /* TSImagePicker.h */ = {isa = PBXFileReference; fileEncoding = 4; lastKnownFileType = sourcecode.c.h; name = TSImagePicker.h; path = InputView/TSImagePicker.h; sourceTree = "<group>"; };
		B2EFB9F71C8574260022CA81 /* TSImagePicker.m */ = {isa = PBXFileReference; fileEncoding = 4; lastKnownFileType = sourcecode.c.objc; name = TSImagePicker.m; path = InputView/TSImagePicker.m; sourceTree = "<group>"; };
		B2FFB9511C72FE7300F67FF7 /* TalkShow.pch */ = {isa = PBXFileReference; lastKnownFileType = sourcecode.c.h; path = TalkShow.pch; sourceTree = "<group>"; };
		B2FFB9521C72FE7D00F67FF7 /* TalkShowConstant.h */ = {isa = PBXFileReference; lastKnownFileType = sourcecode.c.h; path = TalkShowConstant.h; sourceTree = "<group>"; };
		B2FFB9541C73046800F67FF7 /* NSString+Size.h */ = {isa = PBXFileReference; fileEncoding = 4; lastKnownFileType = sourcecode.c.h; name = "NSString+Size.h"; path = "Category/NSString+Size.h"; sourceTree = "<group>"; };
		B2FFB9551C73046800F67FF7 /* NSString+Size.m */ = {isa = PBXFileReference; fileEncoding = 4; lastKnownFileType = sourcecode.c.objc; name = "NSString+Size.m"; path = "Category/NSString+Size.m"; sourceTree = "<group>"; };
		B2FFB95A1C744EDD00F67FF7 /* TSTextView.h */ = {isa = PBXFileReference; fileEncoding = 4; lastKnownFileType = sourcecode.c.h; path = TSTextView.h; sourceTree = "<group>"; };
		B2FFB95B1C744EDD00F67FF7 /* TSTextView.m */ = {isa = PBXFileReference; fileEncoding = 4; lastKnownFileType = sourcecode.c.objc; path = TSTextView.m; sourceTree = "<group>"; };
		B2FFB95D1C74547900F67FF7 /* AVFoundation.framework */ = {isa = PBXFileReference; lastKnownFileType = wrapper.framework; name = AVFoundation.framework; path = System/Library/Frameworks/AVFoundation.framework; sourceTree = SDKROOT; };
		B2FFB95F1C745F0B00F67FF7 /* TSSave.h */ = {isa = PBXFileReference; fileEncoding = 4; lastKnownFileType = sourcecode.c.h; path = TSSave.h; sourceTree = "<group>"; };
		B2FFB9601C745F0B00F67FF7 /* TSSave.m */ = {isa = PBXFileReference; fileEncoding = 4; lastKnownFileType = sourcecode.c.objc; path = TSSave.m; sourceTree = "<group>"; };
		B2FFB9651C74990100F67FF7 /* TSDateTimeCell.h */ = {isa = PBXFileReference; fileEncoding = 4; lastKnownFileType = sourcecode.c.h; path = TSDateTimeCell.h; sourceTree = "<group>"; };
		B2FFB9661C74990100F67FF7 /* TSDateTimeCell.m */ = {isa = PBXFileReference; fileEncoding = 4; lastKnownFileType = sourcecode.c.objc; path = TSDateTimeCell.m; sourceTree = "<group>"; };
		B2FFB9681C74A75600F67FF7 /* ViewUtils.h */ = {isa = PBXFileReference; fileEncoding = 4; lastKnownFileType = sourcecode.c.h; path = ViewUtils.h; sourceTree = "<group>"; };
		B2FFB9691C74A75600F67FF7 /* ViewUtils.m */ = {isa = PBXFileReference; fileEncoding = 4; lastKnownFileType = sourcecode.c.objc; path = ViewUtils.m; sourceTree = "<group>"; };
		B2FFB96C1C756E8D00F67FF7 /* TPMessageBubble.h */ = {isa = PBXFileReference; fileEncoding = 4; lastKnownFileType = sourcecode.c.h; name = TPMessageBubble.h; path = TPMessageBubble/TPMessageBubble.h; sourceTree = "<group>"; };
		B2FFB96D1C756E8D00F67FF7 /* TPMessageBubble.m */ = {isa = PBXFileReference; fileEncoding = 4; lastKnownFileType = sourcecode.c.objc; name = TPMessageBubble.m; path = TPMessageBubble/TPMessageBubble.m; sourceTree = "<group>"; };
/* End PBXFileReference section */

/* Begin PBXFrameworksBuildPhase section */
		B2BFB5C11C72BF54000B6C82 /* Frameworks */ = {
			isa = PBXFrameworksBuildPhase;
			buildActionMask = 2147483647;
			files = (
				B2FFB95E1C74547900F67FF7 /* AVFoundation.framework in Frameworks */,
				7A0C6E31871926B28E3954C8 /* libPods.a in Frameworks */,
			);
			runOnlyForDeploymentPostprocessing = 0;
		};
		B2BFB5DA1C72BF54000B6C82 /* Frameworks */ = {
			isa = PBXFrameworksBuildPhase;
			buildActionMask = 2147483647;
			files = (
			);
			runOnlyForDeploymentPostprocessing = 0;
		};
		B2BFB5E51C72BF54000B6C82 /* Frameworks */ = {
			isa = PBXFrameworksBuildPhase;
			buildActionMask = 2147483647;
			files = (
			);
			runOnlyForDeploymentPostprocessing = 0;
		};
/* End PBXFrameworksBuildPhase section */

/* Begin PBXGroup section */
		21D0ABC3ED430E8AFD8F4271 /* Frameworks */ = {
			isa = PBXGroup;
			children = (
				B2FFB95D1C74547900F67FF7 /* AVFoundation.framework */,
				431D31B697FB769741A64B18 /* libPods.a */,
			);
			name = Frameworks;
			sourceTree = "<group>";
		};
		B24FAEA81C76F0B500B8F523 /* TalkCells */ = {
			isa = PBXGroup;
			children = (
				B2BFB5FA1C72D4E6000B6C82 /* TalkCell.h */,
				B2BFB5FB1C72D4E6000B6C82 /* TalkCell.m */,
				B24FAEA91C76F0F400B8F523 /* TalkSendCell.h */,
				B24FAEAA1C76F0F400B8F523 /* TalkSendCell.m */,
				B24FAEAC1C76F1CE00B8F523 /* TalkReceivedCell.h */,
				B24FAEAD1C76F1CE00B8F523 /* TalkReceivedCell.m */,
				B2FFB9651C74990100F67FF7 /* TSDateTimeCell.h */,
				B2FFB9661C74990100F67FF7 /* TSDateTimeCell.m */,
			);
			name = TalkCells;
			sourceTree = "<group>";
		};
		B24FAEB11C77472000B8F523 /* InputView */ = {
			isa = PBXGroup;
			children = (
				B24FAEB21C77474D00B8F523 /* TSMultiInputView.h */,
				B24FAEB31C77474D00B8F523 /* TSMultiInputView.m */,
				B23801A41C80393C000A60A5 /* TSInputPluginModel.h */,
				B23801A51C80393C000A60A5 /* TSInputPluginModel.m */,
				B23801621C8029AF000A60A5 /* TSInputPluginCell.h */,
				B23801631C8029AF000A60A5 /* TSInputPluginCell.m */,
			);
			name = InputView;
			sourceTree = "<group>";
		};
		B2BFB5BB1C72BF54000B6C82 = {
			isa = PBXGroup;
			children = (
				B2BFB5C61C72BF54000B6C82 /* TalkShow */,
				B2BFB5E01C72BF54000B6C82 /* TalkShowTests */,
				B2BFB5EB1C72BF54000B6C82 /* TalkShowUITests */,
				B2BFB5C51C72BF54000B6C82 /* Products */,
				E075DE206AB499CC0A7C1A46 /* Pods */,
				21D0ABC3ED430E8AFD8F4271 /* Frameworks */,
			);
			sourceTree = "<group>";
		};
		B2BFB5C51C72BF54000B6C82 /* Products */ = {
			isa = PBXGroup;
			children = (
				B2BFB5C41C72BF54000B6C82 /* TalkShow.app */,
				B2BFB5DD1C72BF54000B6C82 /* TalkShowTests.xctest */,
				B2BFB5E81C72BF54000B6C82 /* TalkShowUITests.xctest */,
			);
			name = Products;
			sourceTree = "<group>";
		};
		B2BFB5C61C72BF54000B6C82 /* TalkShow */ = {
			isa = PBXGroup;
			children = (
				B2EFB9F91C859C210022CA81 /* PluginsOfInput */,
				B24FAEB11C77472000B8F523 /* InputView */,
				B24FAEA81C76F0B500B8F523 /* TalkCells */,
				B2FFB96B1C756E2600F67FF7 /* TPMessageBubble */,
				B2FFB9571C73220000F67FF7 /* iconfont */,
				B2FFB9531C73045800F67FF7 /* Category */,
				B2BFB5CA1C72BF54000B6C82 /* AppDelegate.h */,
				B2BFB5CB1C72BF54000B6C82 /* AppDelegate.m */,
				B2BFB5CD1C72BF54000B6C82 /* ViewController.h */,
				B2BFB5CE1C72BF54000B6C82 /* ViewController.m */,
				B2FFB95A1C744EDD00F67FF7 /* TSTextView.h */,
				B2FFB95B1C744EDD00F67FF7 /* TSTextView.m */,
				B2FFB95F1C745F0B00F67FF7 /* TSSave.h */,
				B2FFB9601C745F0B00F67FF7 /* TSSave.m */,
				B24FAEA01C76BF2C00B8F523 /* TSContentView.h */,
				B24FAEA11C76BF2C00B8F523 /* TSContentView.m */,
				B2FFB9681C74A75600F67FF7 /* ViewUtils.h */,
				B2FFB9691C74A75600F67FF7 /* ViewUtils.m */,
				B2A167751C75B9F200B899B8 /* TSHeaders.h */,
				B2FFB9511C72FE7300F67FF7 /* TalkShow.pch */,
				B2FFB9521C72FE7D00F67FF7 /* TalkShowConstant.h */,
				B2BFB5D01C72BF54000B6C82 /* Main.storyboard */,
				B24FAEAF1C773CBC00B8F523 /* Emoji.plist */,
				B2BFB5D31C72BF54000B6C82 /* Assets.xcassets */,
				B2BFB5D51C72BF54000B6C82 /* LaunchScreen.storyboard */,
				B2BFB5D81C72BF54000B6C82 /* Info.plist */,
				B2BFB5C71C72BF54000B6C82 /* Supporting Files */,
			);
			path = TalkShow;
			sourceTree = "<group>";
		};
		B2BFB5C71C72BF54000B6C82 /* Supporting Files */ = {
			isa = PBXGroup;
			children = (
				B2BFB5C81C72BF54000B6C82 /* main.m */,
			);
			name = "Supporting Files";
			sourceTree = "<group>";
		};
		B2BFB5E01C72BF54000B6C82 /* TalkShowTests */ = {
			isa = PBXGroup;
			children = (
				B2BFB5E11C72BF54000B6C82 /* TalkShowTests.m */,
				B2BFB5E31C72BF54000B6C82 /* Info.plist */,
			);
			path = TalkShowTests;
			sourceTree = "<group>";
		};
		B2BFB5EB1C72BF54000B6C82 /* TalkShowUITests */ = {
			isa = PBXGroup;
			children = (
				B2BFB5EC1C72BF54000B6C82 /* TalkShowUITests.m */,
				B2BFB5EE1C72BF54000B6C82 /* Info.plist */,
			);
			path = TalkShowUITests;
			sourceTree = "<group>";
		};
		B2EFB9F91C859C210022CA81 /* PluginsOfInput */ = {
			isa = PBXGroup;
			children = (
				B2EFB9F61C8574260022CA81 /* TSImagePicker.h */,
				B2EFB9F71C8574260022CA81 /* TSImagePicker.m */,
			);
			name = PluginsOfInput;
			sourceTree = "<group>";
		};
		B2FFB9531C73045800F67FF7 /* Category */ = {
			isa = PBXGroup;
			children = (
				B2FFB9541C73046800F67FF7 /* NSString+Size.h */,
				B2FFB9551C73046800F67FF7 /* NSString+Size.m */,
				B2A167761C75C19700B899B8 /* NSDate+MessgeCellDescription.h */,
				B2A167771C75C19700B899B8 /* NSDate+MessgeCellDescription.m */,
				B23801A71C803B1D000A60A5 /* TSTools.h */,
				B23801A81C803B1D000A60A5 /* TSTools.m */,
			);
			name = Category;
			sourceTree = "<group>";
		};
		B2FFB9571C73220000F67FF7 /* iconfont */ = {
			isa = PBXGroup;
			children = (
				B267A3611C853E450027A99A /* iconfont.ttf */,
			);
			name = iconfont;
			sourceTree = "<group>";
		};
		B2FFB96B1C756E2600F67FF7 /* TPMessageBubble */ = {
			isa = PBXGroup;
			children = (
				B2FFB96C1C756E8D00F67FF7 /* TPMessageBubble.h */,
				B2FFB96D1C756E8D00F67FF7 /* TPMessageBubble.m */,
				B2A167721C75754B00B899B8 /* UIImage+TPMessgeBubble.h */,
				B2A167731C75754B00B899B8 /* UIImage+TPMessgeBubble.m */,
				B24FAEA51C76EDD100B8F523 /* UIColor+DarkerLighter.h */,
				B24FAEA61C76EDD100B8F523 /* UIColor+DarkerLighter.m */,
			);
			name = TPMessageBubble;
			sourceTree = "<group>";
		};
		E075DE206AB499CC0A7C1A46 /* Pods */ = {
			isa = PBXGroup;
			children = (
				6712E006F0827B861F64486A /* Pods.debug.xcconfig */,
				4406F112A78AE6E18E168758 /* Pods.release.xcconfig */,
			);
			name = Pods;
			sourceTree = "<group>";
		};
/* End PBXGroup section */

/* Begin PBXNativeTarget section */
		B2BFB5C31C72BF54000B6C82 /* TalkShow */ = {
			isa = PBXNativeTarget;
			buildConfigurationList = B2BFB5F11C72BF54000B6C82 /* Build configuration list for PBXNativeTarget "TalkShow" */;
			buildPhases = (
				E88F4559EFE7AA8B9E59B5F1 /* Check Pods Manifest.lock */,
				B2BFB5C01C72BF54000B6C82 /* Sources */,
				B2BFB5C11C72BF54000B6C82 /* Frameworks */,
				B2BFB5C21C72BF54000B6C82 /* Resources */,
				E4891D1AF93F8AC07C3E57EE /* Embed Pods Frameworks */,
				D5C3B9D54B85F016F3FD9116 /* Copy Pods Resources */,
			);
			buildRules = (
			);
			dependencies = (
			);
			name = TalkShow;
			productName = TalkShow;
			productReference = B2BFB5C41C72BF54000B6C82 /* TalkShow.app */;
			productType = "com.apple.product-type.application";
		};
		B2BFB5DC1C72BF54000B6C82 /* TalkShowTests */ = {
			isa = PBXNativeTarget;
			buildConfigurationList = B2BFB5F41C72BF54000B6C82 /* Build configuration list for PBXNativeTarget "TalkShowTests" */;
			buildPhases = (
				B2BFB5D91C72BF54000B6C82 /* Sources */,
				B2BFB5DA1C72BF54000B6C82 /* Frameworks */,
				B2BFB5DB1C72BF54000B6C82 /* Resources */,
			);
			buildRules = (
			);
			dependencies = (
				B2BFB5DF1C72BF54000B6C82 /* PBXTargetDependency */,
			);
			name = TalkShowTests;
			productName = TalkShowTests;
			productReference = B2BFB5DD1C72BF54000B6C82 /* TalkShowTests.xctest */;
			productType = "com.apple.product-type.bundle.unit-test";
		};
		B2BFB5E71C72BF54000B6C82 /* TalkShowUITests */ = {
			isa = PBXNativeTarget;
			buildConfigurationList = B2BFB5F71C72BF54000B6C82 /* Build configuration list for PBXNativeTarget "TalkShowUITests" */;
			buildPhases = (
				B2BFB5E41C72BF54000B6C82 /* Sources */,
				B2BFB5E51C72BF54000B6C82 /* Frameworks */,
				B2BFB5E61C72BF54000B6C82 /* Resources */,
			);
			buildRules = (
			);
			dependencies = (
				B2BFB5EA1C72BF54000B6C82 /* PBXTargetDependency */,
			);
			name = TalkShowUITests;
			productName = TalkShowUITests;
			productReference = B2BFB5E81C72BF54000B6C82 /* TalkShowUITests.xctest */;
			productType = "com.apple.product-type.bundle.ui-testing";
		};
/* End PBXNativeTarget section */

/* Begin PBXProject section */
		B2BFB5BC1C72BF54000B6C82 /* Project object */ = {
			isa = PBXProject;
			attributes = {
				LastUpgradeCheck = 0720;
				ORGANIZATIONNAME = ZhouQian;
				TargetAttributes = {
					B2BFB5C31C72BF54000B6C82 = {
						CreatedOnToolsVersion = 7.2.1;
					};
					B2BFB5DC1C72BF54000B6C82 = {
						CreatedOnToolsVersion = 7.2.1;
						TestTargetID = B2BFB5C31C72BF54000B6C82;
					};
					B2BFB5E71C72BF54000B6C82 = {
						CreatedOnToolsVersion = 7.2.1;
						TestTargetID = B2BFB5C31C72BF54000B6C82;
					};
				};
			};
			buildConfigurationList = B2BFB5BF1C72BF54000B6C82 /* Build configuration list for PBXProject "TalkShow" */;
			compatibilityVersion = "Xcode 3.2";
			developmentRegion = English;
			hasScannedForEncodings = 0;
			knownRegions = (
				en,
				Base,
			);
			mainGroup = B2BFB5BB1C72BF54000B6C82;
			productRefGroup = B2BFB5C51C72BF54000B6C82 /* Products */;
			projectDirPath = "";
			projectRoot = "";
			targets = (
				B2BFB5C31C72BF54000B6C82 /* TalkShow */,
				B2BFB5DC1C72BF54000B6C82 /* TalkShowTests */,
				B2BFB5E71C72BF54000B6C82 /* TalkShowUITests */,
			);
		};
/* End PBXProject section */

/* Begin PBXResourcesBuildPhase section */
		B2BFB5C21C72BF54000B6C82 /* Resources */ = {
			isa = PBXResourcesBuildPhase;
			buildActionMask = 2147483647;
			files = (
				B24FAEB01C773CBC00B8F523 /* Emoji.plist in Resources */,
				B2BFB5D71C72BF54000B6C82 /* LaunchScreen.storyboard in Resources */,
				B2BFB5D41C72BF54000B6C82 /* Assets.xcassets in Resources */,
				B267A3621C853E4F0027A99A /* iconfont.ttf in Resources */,
				B2BFB5D21C72BF54000B6C82 /* Main.storyboard in Resources */,
			);
			runOnlyForDeploymentPostprocessing = 0;
		};
		B2BFB5DB1C72BF54000B6C82 /* Resources */ = {
			isa = PBXResourcesBuildPhase;
			buildActionMask = 2147483647;
			files = (
			);
			runOnlyForDeploymentPostprocessing = 0;
		};
		B2BFB5E61C72BF54000B6C82 /* Resources */ = {
			isa = PBXResourcesBuildPhase;
			buildActionMask = 2147483647;
			files = (
			);
			runOnlyForDeploymentPostprocessing = 0;
		};
/* End PBXResourcesBuildPhase section */

/* Begin PBXShellScriptBuildPhase section */
		D5C3B9D54B85F016F3FD9116 /* Copy Pods Resources */ = {
			isa = PBXShellScriptBuildPhase;
			buildActionMask = 2147483647;
			files = (
			);
			inputPaths = (
			);
			name = "Copy Pods Resources";
			outputPaths = (
			);
			runOnlyForDeploymentPostprocessing = 0;
			shellPath = /bin/sh;
			shellScript = "\"${SRCROOT}/Pods/Target Support Files/Pods/Pods-resources.sh\"\n";
			showEnvVarsInLog = 0;
		};
		E4891D1AF93F8AC07C3E57EE /* Embed Pods Frameworks */ = {
			isa = PBXShellScriptBuildPhase;
			buildActionMask = 2147483647;
			files = (
			);
			inputPaths = (
			);
			name = "Embed Pods Frameworks";
			outputPaths = (
			);
			runOnlyForDeploymentPostprocessing = 0;
			shellPath = /bin/sh;
			shellScript = "\"${SRCROOT}/Pods/Target Support Files/Pods/Pods-frameworks.sh\"\n";
			showEnvVarsInLog = 0;
		};
		E88F4559EFE7AA8B9E59B5F1 /* Check Pods Manifest.lock */ = {
			isa = PBXShellScriptBuildPhase;
			buildActionMask = 2147483647;
			files = (
			);
			inputPaths = (
			);
			name = "Check Pods Manifest.lock";
			outputPaths = (
			);
			runOnlyForDeploymentPostprocessing = 0;
			shellPath = /bin/sh;
			shellScript = "diff \"${PODS_ROOT}/../Podfile.lock\" \"${PODS_ROOT}/Manifest.lock\" > /dev/null\nif [[ $? != 0 ]] ; then\n    cat << EOM\nerror: The sandbox is not in sync with the Podfile.lock. Run 'pod install' or update your CocoaPods installation.\nEOM\n    exit 1\nfi\n";
			showEnvVarsInLog = 0;
		};
/* End PBXShellScriptBuildPhase section */

/* Begin PBXSourcesBuildPhase section */
		B2BFB5C01C72BF54000B6C82 /* Sources */ = {
			isa = PBXSourcesBuildPhase;
			buildActionMask = 2147483647;
			files = (
				B23801A91C803B1D000A60A5 /* TSTools.m in Sources */,
				B24FAEAE1C76F1CE00B8F523 /* TalkReceivedCell.m in Sources */,
				B24FAEB41C77474D00B8F523 /* TSMultiInputView.m in Sources */,
				B2FFB96A1C74A75600F67FF7 /* ViewUtils.m in Sources */,
				B2FFB96E1C756E8D00F67FF7 /* TPMessageBubble.m in Sources */,
				B2BFB5CF1C72BF54000B6C82 /* ViewController.m in Sources */,
				B2A167781C75C19700B899B8 /* NSDate+MessgeCellDescription.m in Sources */,
				B23801641C8029AF000A60A5 /* TSInputPluginCell.m in Sources */,
				B2BFB5FC1C72D4E6000B6C82 /* TalkCell.m in Sources */,
				B2FFB9611C745F0B00F67FF7 /* TSSave.m in Sources */,
				B2FFB95C1C744EDD00F67FF7 /* TSTextView.m in Sources */,
				B2BFB5CC1C72BF54000B6C82 /* AppDelegate.m in Sources */,
				B2BFB5C91C72BF54000B6C82 /* main.m in Sources */,
				B24FAEAB1C76F0F400B8F523 /* TalkSendCell.m in Sources */,
				B23801A61C80393C000A60A5 /* TSInputPluginModel.m in Sources */,
				B2FFB9561C73046800F67FF7 /* NSString+Size.m in Sources */,
				B24FAEA71C76EDD100B8F523 /* UIColor+DarkerLighter.m in Sources */,
				B24FAEA21C76BF2C00B8F523 /* TSContentView.m in Sources */,
				B2EFB9F81C8574260022CA81 /* TSImagePicker.m in Sources */,
				B2FFB9671C74990100F67FF7 /* TSDateTimeCell.m in Sources */,
				B2A167741C75754B00B899B8 /* UIImage+TPMessgeBubble.m in Sources */,
			);
			runOnlyForDeploymentPostprocessing = 0;
		};
		B2BFB5D91C72BF54000B6C82 /* Sources */ = {
			isa = PBXSourcesBuildPhase;
			buildActionMask = 2147483647;
			files = (
				B2BFB5E21C72BF54000B6C82 /* TalkShowTests.m in Sources */,
			);
			runOnlyForDeploymentPostprocessing = 0;
		};
		B2BFB5E41C72BF54000B6C82 /* Sources */ = {
			isa = PBXSourcesBuildPhase;
			buildActionMask = 2147483647;
			files = (
				B2BFB5ED1C72BF54000B6C82 /* TalkShowUITests.m in Sources */,
			);
			runOnlyForDeploymentPostprocessing = 0;
		};
/* End PBXSourcesBuildPhase section */

/* Begin PBXTargetDependency section */
		B2BFB5DF1C72BF54000B6C82 /* PBXTargetDependency */ = {
			isa = PBXTargetDependency;
			target = B2BFB5C31C72BF54000B6C82 /* TalkShow */;
			targetProxy = B2BFB5DE1C72BF54000B6C82 /* PBXContainerItemProxy */;
		};
		B2BFB5EA1C72BF54000B6C82 /* PBXTargetDependency */ = {
			isa = PBXTargetDependency;
			target = B2BFB5C31C72BF54000B6C82 /* TalkShow */;
			targetProxy = B2BFB5E91C72BF54000B6C82 /* PBXContainerItemProxy */;
		};
/* End PBXTargetDependency section */

/* Begin PBXVariantGroup section */
		B2BFB5D01C72BF54000B6C82 /* Main.storyboard */ = {
			isa = PBXVariantGroup;
			children = (
				B2BFB5D11C72BF54000B6C82 /* Base */,
			);
			name = Main.storyboard;
			sourceTree = "<group>";
		};
		B2BFB5D51C72BF54000B6C82 /* LaunchScreen.storyboard */ = {
			isa = PBXVariantGroup;
			children = (
				B2BFB5D61C72BF54000B6C82 /* Base */,
			);
			name = LaunchScreen.storyboard;
			sourceTree = "<group>";
		};
/* End PBXVariantGroup section */

/* Begin XCBuildConfiguration section */
		B2BFB5EF1C72BF54000B6C82 /* Debug */ = {
			isa = XCBuildConfiguration;
			buildSettings = {
				ALWAYS_SEARCH_USER_PATHS = NO;
				CLANG_CXX_LANGUAGE_STANDARD = "gnu++0x";
				CLANG_CXX_LIBRARY = "libc++";
				CLANG_ENABLE_MODULES = YES;
				CLANG_ENABLE_OBJC_ARC = YES;
				CLANG_WARN_BOOL_CONVERSION = YES;
				CLANG_WARN_CONSTANT_CONVERSION = YES;
				CLANG_WARN_DIRECT_OBJC_ISA_USAGE = YES_ERROR;
				CLANG_WARN_EMPTY_BODY = YES;
				CLANG_WARN_ENUM_CONVERSION = YES;
				CLANG_WARN_INT_CONVERSION = YES;
				CLANG_WARN_OBJC_ROOT_CLASS = YES_ERROR;
				CLANG_WARN_UNREACHABLE_CODE = YES;
				CLANG_WARN__DUPLICATE_METHOD_MATCH = YES;
				"CODE_SIGN_IDENTITY[sdk=iphoneos*]" = "iPhone Developer";
				COPY_PHASE_STRIP = NO;
				DEBUG_INFORMATION_FORMAT = dwarf;
				ENABLE_STRICT_OBJC_MSGSEND = YES;
				ENABLE_TESTABILITY = YES;
				GCC_C_LANGUAGE_STANDARD = gnu99;
				GCC_DYNAMIC_NO_PIC = NO;
				GCC_INCREASE_PRECOMPILED_HEADER_SHARING = NO;
				GCC_NO_COMMON_BLOCKS = YES;
				GCC_OPTIMIZATION_LEVEL = 0;
				GCC_PRECOMPILE_PREFIX_HEADER = YES;
				GCC_PREFIX_HEADER = "";
				GCC_PREPROCESSOR_DEFINITIONS = (
					"DEBUG=1",
					"$(inherited)",
				);
				GCC_WARN_64_TO_32_BIT_CONVERSION = YES;
				GCC_WARN_ABOUT_RETURN_TYPE = YES_ERROR;
				GCC_WARN_UNDECLARED_SELECTOR = YES;
				GCC_WARN_UNINITIALIZED_AUTOS = YES_AGGRESSIVE;
				GCC_WARN_UNUSED_FUNCTION = YES;
				GCC_WARN_UNUSED_VARIABLE = YES;
				IPHONEOS_DEPLOYMENT_TARGET = 9.2;
				MTL_ENABLE_DEBUG_INFO = YES;
				ONLY_ACTIVE_ARCH = YES;
				SDKROOT = iphoneos;
			};
			name = Debug;
		};
		B2BFB5F01C72BF54000B6C82 /* Release */ = {
			isa = XCBuildConfiguration;
			buildSettings = {
				ALWAYS_SEARCH_USER_PATHS = NO;
				CLANG_CXX_LANGUAGE_STANDARD = "gnu++0x";
				CLANG_CXX_LIBRARY = "libc++";
				CLANG_ENABLE_MODULES = YES;
				CLANG_ENABLE_OBJC_ARC = YES;
				CLANG_WARN_BOOL_CONVERSION = YES;
				CLANG_WARN_CONSTANT_CONVERSION = YES;
				CLANG_WARN_DIRECT_OBJC_ISA_USAGE = YES_ERROR;
				CLANG_WARN_EMPTY_BODY = YES;
				CLANG_WARN_ENUM_CONVERSION = YES;
				CLANG_WARN_INT_CONVERSION = YES;
				CLANG_WARN_OBJC_ROOT_CLASS = YES_ERROR;
				CLANG_WARN_UNREACHABLE_CODE = YES;
				CLANG_WARN__DUPLICATE_METHOD_MATCH = YES;
				"CODE_SIGN_IDENTITY[sdk=iphoneos*]" = "iPhone Developer";
				COPY_PHASE_STRIP = NO;
				DEBUG_INFORMATION_FORMAT = "dwarf-with-dsym";
				ENABLE_NS_ASSERTIONS = NO;
				ENABLE_STRICT_OBJC_MSGSEND = YES;
				GCC_C_LANGUAGE_STANDARD = gnu99;
				GCC_INCREASE_PRECOMPILED_HEADER_SHARING = NO;
				GCC_NO_COMMON_BLOCKS = YES;
				GCC_PRECOMPILE_PREFIX_HEADER = YES;
				GCC_PREFIX_HEADER = "";
				GCC_WARN_64_TO_32_BIT_CONVERSION = YES;
				GCC_WARN_ABOUT_RETURN_TYPE = YES_ERROR;
				GCC_WARN_UNDECLARED_SELECTOR = YES;
				GCC_WARN_UNINITIALIZED_AUTOS = YES_AGGRESSIVE;
				GCC_WARN_UNUSED_FUNCTION = YES;
				GCC_WARN_UNUSED_VARIABLE = YES;
				IPHONEOS_DEPLOYMENT_TARGET = 9.2;
				MTL_ENABLE_DEBUG_INFO = NO;
				SDKROOT = iphoneos;
				VALIDATE_PRODUCT = YES;
			};
			name = Release;
		};
		B2BFB5F21C72BF54000B6C82 /* Debug */ = {
			isa = XCBuildConfiguration;
			baseConfigurationReference = 6712E006F0827B861F64486A /* Pods.debug.xcconfig */;
			buildSettings = {
				ALWAYS_SEARCH_USER_PATHS = NO;
				ASSETCATALOG_COMPILER_APPICON_NAME = AppIcon;
				GCC_PREFIX_HEADER = "$(PROJECT_DIR)/TalkShow/TalkShow.pch";
				HEADER_SEARCH_PATHS = (
					"$(inherited)",
					"\"${PODS_ROOT}/Headers/Public\"",
					"\"${PODS_ROOT}/Headers/Public/IQKeyboardManager\"",
					"\"${PODS_ROOT}/Headers/Public/MBProgressHUD\"",
					"\"${PODS_ROOT}/Headers/Public/Masonry\"",
					"\"${PODS_ROOT}/Headers/Public/Reveal-iOS-SDK\"",
				);
				INFOPLIST_FILE = TalkShow/Info.plist;
				LD_RUNPATH_SEARCH_PATHS = "$(inherited) @executable_path/Frameworks";
				PRODUCT_BUNDLE_IDENTIFIER = angle.TalkShow;
				PRODUCT_NAME = "$(TARGET_NAME)";
				USER_HEADER_SEARCH_PATHS = "$(SRCROOT)";
			};
			name = Debug;
		};
		B2BFB5F31C72BF54000B6C82 /* Release */ = {
			isa = XCBuildConfiguration;
			baseConfigurationReference = 4406F112A78AE6E18E168758 /* Pods.release.xcconfig */;
			buildSettings = {
				ALWAYS_SEARCH_USER_PATHS = NO;
				ASSETCATALOG_COMPILER_APPICON_NAME = AppIcon;
				GCC_PREFIX_HEADER = "$(PROJECT_DIR)/TalkShow/TalkShow.pch";
				HEADER_SEARCH_PATHS = (
					"$(inherited)",
					"\"${PODS_ROOT}/Headers/Public\"",
					"\"${PODS_ROOT}/Headers/Public/IQKeyboardManager\"",
					"\"${PODS_ROOT}/Headers/Public/MBProgressHUD\"",
					"\"${PODS_ROOT}/Headers/Public/Masonry\"",
					"\"${PODS_ROOT}/Headers/Public/Reveal-iOS-SDK\"",
				);
				INFOPLIST_FILE = TalkShow/Info.plist;
				LD_RUNPATH_SEARCH_PATHS = "$(inherited) @executable_path/Frameworks";
				PRODUCT_BUNDLE_IDENTIFIER = angle.TalkShow;
				PRODUCT_NAME = "$(TARGET_NAME)";
				USER_HEADER_SEARCH_PATHS = "$(SRCROOT)";
			};
			name = Release;
		};
		B2BFB5F51C72BF54000B6C82 /* Debug */ = {
			isa = XCBuildConfiguration;
			buildSettings = {
				BUNDLE_LOADER = "$(TEST_HOST)";
				INFOPLIST_FILE = TalkShowTests/Info.plist;
				LD_RUNPATH_SEARCH_PATHS = "$(inherited) @executable_path/Frameworks @loader_path/Frameworks";
				PRODUCT_BUNDLE_IDENTIFIER = angle.TalkShowTests;
				PRODUCT_NAME = "$(TARGET_NAME)";
				TEST_HOST = "$(BUILT_PRODUCTS_DIR)/TalkShow.app/TalkShow";
			};
			name = Debug;
		};
		B2BFB5F61C72BF54000B6C82 /* Release */ = {
			isa = XCBuildConfiguration;
			buildSettings = {
				BUNDLE_LOADER = "$(TEST_HOST)";
				INFOPLIST_FILE = TalkShowTests/Info.plist;
				LD_RUNPATH_SEARCH_PATHS = "$(inherited) @executable_path/Frameworks @loader_path/Frameworks";
				PRODUCT_BUNDLE_IDENTIFIER = angle.TalkShowTests;
				PRODUCT_NAME = "$(TARGET_NAME)";
				TEST_HOST = "$(BUILT_PRODUCTS_DIR)/TalkShow.app/TalkShow";
			};
			name = Release;
		};
		B2BFB5F81C72BF54000B6C82 /* Debug */ = {
			isa = XCBuildConfiguration;
			buildSettings = {
				INFOPLIST_FILE = TalkShowUITests/Info.plist;
				LD_RUNPATH_SEARCH_PATHS = "$(inherited) @executable_path/Frameworks @loader_path/Frameworks";
				PRODUCT_BUNDLE_IDENTIFIER = angle.TalkShowUITests;
				PRODUCT_NAME = "$(TARGET_NAME)";
				TEST_TARGET_NAME = TalkShow;
				USES_XCTRUNNER = YES;
			};
			name = Debug;
		};
		B2BFB5F91C72BF54000B6C82 /* Release */ = {
			isa = XCBuildConfiguration;
			buildSettings = {
				INFOPLIST_FILE = TalkShowUITests/Info.plist;
				LD_RUNPATH_SEARCH_PATHS = "$(inherited) @executable_path/Frameworks @loader_path/Frameworks";
				PRODUCT_BUNDLE_IDENTIFIER = angle.TalkShowUITests;
				PRODUCT_NAME = "$(TARGET_NAME)";
				TEST_TARGET_NAME = TalkShow;
				USES_XCTRUNNER = YES;
			};
			name = Release;
		};
/* End XCBuildConfiguration section */

/* Begin XCConfigurationList section */
		B2BFB5BF1C72BF54000B6C82 /* Build configuration list for PBXProject "TalkShow" */ = {
			isa = XCConfigurationList;
			buildConfigurations = (
				B2BFB5EF1C72BF54000B6C82 /* Debug */,
				B2BFB5F01C72BF54000B6C82 /* Release */,
			);
			defaultConfigurationIsVisible = 0;
			defaultConfigurationName = Release;
		};
		B2BFB5F11C72BF54000B6C82 /* Build configuration list for PBXNativeTarget "TalkShow" */ = {
			isa = XCConfigurationList;
			buildConfigurations = (
				B2BFB5F21C72BF54000B6C82 /* Debug */,
				B2BFB5F31C72BF54000B6C82 /* Release */,
			);
			defaultConfigurationIsVisible = 0;
			defaultConfigurationName = Release;
		};
		B2BFB5F41C72BF54000B6C82 /* Build configuration list for PBXNativeTarget "TalkShowTests" */ = {
			isa = XCConfigurationList;
			buildConfigurations = (
				B2BFB5F51C72BF54000B6C82 /* Debug */,
				B2BFB5F61C72BF54000B6C82 /* Release */,
			);
			defaultConfigurationIsVisible = 0;
			defaultConfigurationName = Release;
		};
		B2BFB5F71C72BF54000B6C82 /* Build configuration list for PBXNativeTarget "TalkShowUITests" */ = {
			isa = XCConfigurationList;
			buildConfigurations = (
				B2BFB5F81C72BF54000B6C82 /* Debug */,
				B2BFB5F91C72BF54000B6C82 /* Release */,
			);
			defaultConfigurationIsVisible = 0;
			defaultConfigurationName = Release;
		};
/* End XCConfigurationList section */
	};
	rootObject = B2BFB5BC1C72BF54000B6C82 /* Project object */;
}
